
Microsoft Visual Studio Solution File, Format Version 12.00
# Visual Studio 14
VisualStudioVersion = 14.0.24720.0
MinimumVisualStudioVersion = 10.0.40219.1
Project("{FAE04EC0-301F-11D3-BF4B-00C04F79EFBC}") = "Domain", "Domain\Domain.csproj", "{441097E7-A54B-488B-86A8-17E4B2AF58DF}"
EndProject
Project("{FAE04EC0-301F-11D3-BF4B-00C04F79EFBC}") = "DAL", "DAL\DAL.csproj", "{B8F8DC68-1A62-45F7-ABBC-0037DC895A74}"
EndProject
Project("{FAE04EC0-301F-11D3-BF4B-00C04F79EFBC}") = "WebAPI", "WebAPI\WebAPI.csproj", "{DC703007-0655-451F-99E9-38B75A01E5D2}"
EndProject
Project("{FAE04EC0-301F-11D3-BF4B-00C04F79EFBC}") = "WebAPI.Tests", "WebAPI.Tests\WebAPI.Tests.csproj", "{B3A28524-30F0-4F90-AAAF-55E1B30590CD}"
EndProject
Project("{FAE04EC0-301F-11D3-BF4B-00C04F79EFBC}") = "DataAnnotations", "DataAnnotations\DataAnnotations.csproj", "{9DE49231-C0F5-4703-8154-44A28355DFD9}"
EndProject
Project("{FAE04EC0-301F-11D3-BF4B-00C04F79EFBC}") = "Resources", "Resources\Resources.csproj", "{69099CD1-F3DA-4526-B71A-5502B56E9E2D}"
EndProject
Global
	GlobalSection(SolutionConfigurationPlatforms) = preSolution
		Debug|Any CPU = Debug|Any CPU
		Release|Any CPU = Release|Any CPU
	EndGlobalSection
	GlobalSection(ProjectConfigurationPlatforms) = postSolution
		{441097E7-A54B-488B-86A8-17E4B2AF58DF}.Debug|Any CPU.ActiveCfg = Debug|Any CPU
		{441097E7-A54B-488B-86A8-17E4B2AF58DF}.Debug|Any CPU.Build.0 = Debug|Any CPU
		{441097E7-A54B-488B-86A8-17E4B2AF58DF}.Release|Any CPU.ActiveCfg = Release|Any CPU
		{441097E7-A54B-488B-86A8-17E4B2AF58DF}.Release|Any CPU.Build.0 = Release|Any CPU
		{B8F8DC68-1A62-45F7-ABBC-0037DC895A74}.Debug|Any CPU.ActiveCfg = Debug|Any CPU
		{B8F8DC68-1A62-45F7-ABBC-0037DC895A74}.Debug|Any CPU.Build.0 = Debug|Any CPU
		{B8F8DC68-1A62-45F7-ABBC-0037DC895A74}.Release|Any CPU.ActiveCfg = Release|Any CPU
		{B8F8DC68-1A62-45F7-ABBC-0037DC895A74}.Release|Any CPU.Build.0 = Release|Any CPU
		{DC703007-0655-451F-99E9-38B75A01E5D2}.Debug|Any CPU.ActiveCfg = Debug|Any CPU
		{DC703007-0655-451F-99E9-38B75A01E5D2}.Debug|Any CPU.Build.0 = Debug|Any CPU
		{DC703007-0655-451F-99E9-38B75A01E5D2}.Release|Any CPU.ActiveCfg = Release|Any CPU
		{DC703007-0655-451F-99E9-38B75A01E5D2}.Release|Any CPU.Build.0 = Release|Any CPU
		{B3A28524-30F0-4F90-AAAF-55E1B30590CD}.Debug|Any CPU.ActiveCfg = Debug|Any CPU
		{B3A28524-30F0-4F90-AAAF-55E1B30590CD}.Debug|Any CPU.Build.0 = Debug|Any CPU
		{B3A28524-30F0-4F90-AAAF-55E1B30590CD}.Release|Any CPU.ActiveCfg = Release|Any CPU
		{B3A28524-30F0-4F90-AAAF-55E1B30590CD}.Release|Any CPU.Build.0 = Release|Any CPU
		{9DE49231-C0F5-4703-8154-44A28355DFD9}.Debug|Any CPU.ActiveCfg = Debug|Any CPU
		{9DE49231-C0F5-4703-8154-44A28355DFD9}.Debug|Any CPU.Build.0 = Debug|Any CPU
		{9DE49231-C0F5-4703-8154-44A28355DFD9}.Release|Any CPU.ActiveCfg = Release|Any CPU
		{9DE49231-C0F5-4703-8154-44A28355DFD9}.Release|Any CPU.Build.0 = Release|Any CPU
		{69099CD1-F3DA-4526-B71A-5502B56E9E2D}.Debug|Any CPU.ActiveCfg = Debug|Any CPU
		{69099CD1-F3DA-4526-B71A-5502B56E9E2D}.Debug|Any CPU.Build.0 = Debug|Any CPU
		{69099CD1-F3DA-4526-B71A-5502B56E9E2D}.Release|Any CPU.ActiveCfg = Release|Any CPU
		{69099CD1-F3DA-4526-B71A-5502B56E9E2D}.Release|Any CPU.Build.0 = Release|Any CPU
	EndGlobalSection
	GlobalSection(SolutionProperties) = preSolution
		HideSolutionNode = FALSE
	EndGlobalSection
EndGlobal
